
Microsoft Visual Studio Solution File, Format Version 12.00
# Visual Studio Version 16
VisualStudioVersion = 16.0.31005.135
MinimumVisualStudioVersion = 10.0.40219.1
Project("{FAE04EC0-301F-11D3-BF4B-00C04F79EFBC}") = "PlanDigitization_web", "PlanDigitization_web\PlanDigitization_web.csproj", "{A21B72FC-AA95-4CAC-8E3F-EC5D2AA2AD4D}"
EndProject
Global
	GlobalSection(SolutionConfigurationPlatforms) = preSolution
		Debug|Any CPU = Debug|Any CPU
		Release|Any CPU = Release|Any CPU
	EndGlobalSection
	GlobalSection(ProjectConfigurationPlatforms) = postSolution
		{A21B72FC-AA95-4CAC-8E3F-EC5D2AA2AD4D}.Debug|Any CPU.ActiveCfg = Debug|Any CPU
		{A21B72FC-AA95-4CAC-8E3F-EC5D2AA2AD4D}.Debug|Any CPU.Build.0 = Debug|Any CPU
		{A21B72FC-AA95-4CAC-8E3F-EC5D2AA2AD4D}.Release|Any CPU.ActiveCfg = Release|Any CPU
		{A21B72FC-AA95-4CAC-8E3F-EC5D2AA2AD4D}.Release|Any CPU.Build.0 = Release|Any CPU
	EndGlobalSection
	GlobalSection(SolutionProperties) = preSolution
		HideSolutionNode = FALSE
	EndGlobalSection
	GlobalSection(ExtensibilityGlobals) = postSolution
		SolutionGuid = {0FD995FF-F61B-44FB-B73E-6EE51C6ECF6B}
	EndGlobalSection
EndGlobal
